{
  "version": "4",
  "specifiers": {
    "npm:animate.css@^4.1.1": "4.1.1",
    "npm:leaflet-geometryutil@~0.10.3": "0.10.3",
    "npm:leaflet-transitionedicon@~0.2.1": "0.2.1",
    "npm:leaflet.motion@~0.3.2": "0.3.2",
    "npm:light-modal@^1.2.1": "1.2.1",
    "npm:progressbar.js@^1.1.1": "1.1.1"
  },
  "npm": {
    "animate.css@4.1.1": {
      "integrity": "sha512-+mRmCTv6SbCmtYJCN4faJMNFVNN5EuCTTprDTAo7YzIGji2KADmakjVA3+8mVDkZ2Bf09vayB35lSQIex2+QaQ=="
    },
    "fsevents@2.3.3": {
      "integrity": "sha512-5xoDfX+fL7faATnagmWPpbFtwh/R77WmMMqqHGS65C3vvB0YHrgF+B1YmZ3441tMj5n63k0212XNoJwzlhffQw=="
    },
    "leaflet-geometryutil@0.10.3": {
      "integrity": "sha512-Qeas+KsnenE0Km/ydt8km3AqFe7kJhVwuLdbCYM2xe2epsxv5UFEaVJiagvP9fnxS8QvBNbm7DJlDA0tkKo9VA==",
      "dependencies": [
        "leaflet"
      ]
    },
    "leaflet-transitionedicon@0.2.1": {
      "integrity": "sha512-gtXj7d2Yl2WqLfG96hZFnPnD93s/pNeoSDPJ4B0B1/L/YLB1xWgPcmPN6UZ+qiBLzZcl3R3xs9J7sq7/15GgwQ=="
    },
    "leaflet.motion@0.3.2": {
      "integrity": "sha512-PqvJ86zBSsIvFgKi9kNj7Q6xvo92zhC0smfhtkYGxrjFhRXwGw8PdQJP2UB8YWReRE6r7iy9icJvKG/z0CBW4Q=="
    },
    "leaflet@1.9.4": {
      "integrity": "sha512-nxS1ynzJOmOlHp+iL3FyWqK89GtNL8U8rvlMOsQdTTssxZwCXh8N2NB3GDQOL+YR3XnWyZAxwQixURb+FA74PA=="
    },
    "light-modal@1.2.1": {
      "integrity": "sha512-1VquhFUJcT6hVhwu3QIGaCB3PdqIBEA73TEJITm0QjnD7f8VJr/O/EdYYlHLtffDqFs7EpsqhLL6CQRoLVeMKw=="
    },
    "lodash.merge@4.6.2": {
      "integrity": "sha512-0KpjqXRVvrYyCsX1swR/XTK0va6VQkQM6MNo7PqW77ByjAhoARA8EfrP1N4+KlKj8YS0ZUCtRT/YUuhyYDujIQ=="
    },
    "progressbar.js@1.1.1": {
      "integrity": "sha512-FBsw3BKsUbb+hNeYfiP3xzvAAQrPi4DnGDw66bCmfuRCDLcslxyxv2GyYUdBSKFGSIBa73CUP5WMcl6F8AAXlw==",
      "dependencies": [
        "lodash.merge",
        "shifty"
      ]
    },
    "shifty@2.20.4": {
      "integrity": "sha512-4Y0qRkg8ME5XN8yGNAwmFOmsIURGFKT9UQfNL6DDJQErYtN5HsjyoBuJn41ZQfTkuu2rIbRMn9qazjKsDpO2TA==",
      "dependencies": [
        "fsevents"
      ]
    }
  },
  "workspace": {
    "packageJson": {
      "dependencies": [
        "npm:animate.css@^4.1.1",
        "npm:leaflet-geometryutil@~0.10.3",
        "npm:leaflet-transitionedicon@~0.2.1",
        "npm:leaflet.motion@~0.3.2",
        "npm:light-modal@^1.2.1",
        "npm:progressbar.js@^1.1.1",
        "npm:vite@^5.4.8"
      ]
    }
  }
}
